
Microsoft Visual Studio Solution File, Format Version 12.00
# Visual Studio Version 17
VisualStudioVersion = 17.5.33414.496
MinimumVisualStudioVersion = 10.0.40219.1
Project("{9A19103F-16F7-4668-BE54-9A1E7A4F7556}") = "Application_API", "Application_API.csproj", "{69B3ADF1-7765-4E0C-A6D5-6F23FAF6B699}"
EndProject
Global
	GlobalSection(SolutionConfigurationPlatforms) = preSolution
		Debug|Any CPU = Debug|Any CPU
		Release|Any CPU = Release|Any CPU
	EndGlobalSection
	GlobalSection(ProjectConfigurationPlatforms) = postSolution
		{69B3ADF1-7765-4E0C-A6D5-6F23FAF6B699}.Debug|Any CPU.ActiveCfg = Debug|Any CPU
		{69B3ADF1-7765-4E0C-A6D5-6F23FAF6B699}.Debug|Any CPU.Build.0 = Debug|Any CPU
		{69B3ADF1-7765-4E0C-A6D5-6F23FAF6B699}.Release|Any CPU.ActiveCfg = Release|Any CPU
		{69B3ADF1-7765-4E0C-A6D5-6F23FAF6B699}.Release|Any CPU.Build.0 = Release|Any CPU
	EndGlobalSection
	GlobalSection(SolutionProperties) = preSolution
		HideSolutionNode = FALSE
	EndGlobalSection
	GlobalSection(ExtensibilityGlobals) = postSolution
		SolutionGuid = {A573FF49-D377-483A-8CE5-8DEDDD24D57B}
	EndGlobalSection
EndGlobal
